
Microsoft Visual Studio Solution File, Format Version 12.00
# Visual Studio Version 17
VisualStudioVersion = 17.2.32616.157
MinimumVisualStudioVersion = 10.0.40219.1
Project("{D954291E-2A0B-460D-934E-DC6B0785DB48}") = "SpaceBar.Shared", "SpaceBar.Shared\SpaceBar.Shared.shproj", "{6279C845-92F8-4333-AB99-3D213163593C}"
EndProject
Project("{2150E333-8FDC-42A3-9474-1A3956D46DE8}") = "Platforms", "Platforms", "{B25B0601-E89F-4DFC-BD49-5F9ADF16D532}"
EndProject
Project("{FAE04EC0-301F-11D3-BF4B-00C04F79EFBC}") = "SpaceBar.Wasm", "SpaceBar.Wasm\SpaceBar.Wasm.csproj", "{54632A50-E245-43E5-9799-BCB8A6A3F4E3}"
EndProject
Global
	GlobalSection(SolutionConfigurationPlatforms) = preSolution
		Debug|Any CPU = Debug|Any CPU
		Release|Any CPU = Release|Any CPU
	EndGlobalSection
	GlobalSection(ProjectConfigurationPlatforms) = postSolution
		{54632A50-E245-43E5-9799-BCB8A6A3F4E3}.Debug|Any CPU.ActiveCfg = Debug|Any CPU
		{54632A50-E245-43E5-9799-BCB8A6A3F4E3}.Debug|Any CPU.Build.0 = Debug|Any CPU
		{54632A50-E245-43E5-9799-BCB8A6A3F4E3}.Release|Any CPU.ActiveCfg = Release|Any CPU
		{54632A50-E245-43E5-9799-BCB8A6A3F4E3}.Release|Any CPU.Build.0 = Release|Any CPU
	EndGlobalSection
	GlobalSection(SolutionProperties) = preSolution
		HideSolutionNode = FALSE
	EndGlobalSection
	GlobalSection(NestedProjects) = preSolution
		{54632A50-E245-43E5-9799-BCB8A6A3F4E3} = {B25B0601-E89F-4DFC-BD49-5F9ADF16D532}
	EndGlobalSection
	GlobalSection(ExtensibilityGlobals) = postSolution
		SolutionGuid = {8AD79D18-E0D0-49DA-96A0-620BAA4C055B}
	EndGlobalSection
	GlobalSection(SharedMSBuildProjectFiles) = preSolution
		SpaceBar.Shared\SpaceBar.Shared.projitems*{54632a50-e245-43e5-9799-bcb8a6a3f4e3}*SharedItemsImports = 5
		SpaceBar.Shared\SpaceBar.Shared.projitems*{6279c845-92f8-4333-ab99-3d213163593c}*SharedItemsImports = 13
	EndGlobalSection
EndGlobal
